// !$*UTF8*$!
{
	archiveVersion = 1;
	classes = {
	};
	objectVersion = 56;
	objects = {

/* Begin PBXBuildFile section */
		845C89F12FF96B4400D5BD5B /* ProntoCheckApp.swift in Sources */ = {isa = PBXBuildFile; fileRef = 845C89F02FF96B4400D5BD5B /* ProntoCheckApp.swift */; };
		845C89F32FF96B4400D5BD5B /* ContentView.swift in Sources */ = {isa = PBXBuildFile; fileRef = 845C89F22FF96B4400D5BD5B /* ContentView.swift */; };
		845C89F52FF96B4A00D5BD5B /* Assets.xcassets in Resources */ = {isa = PBXBuildFile; fileRef = 845C89F42FF96B4A00D5BD5B /* Assets.xcassets */; };
		845C89F82FF96B4A00D5BD5B /* Preview Assets.xcassets in Resources */ = {isa = PBXBuildFile; fileRef = 845C89F72FF96B4A00D5BD5B /* Preview Assets.xcassets */; };
		B11DBB462FF9BDE20052CDBD /* HTTPMethod.swift in Sources */ = {isa = PBXBuildFile; fileRef = B11DBB452FF9BDDC0052CDBD /* HTTPMethod.swift */; };
		B11DBB4C2FF9BE370052CDBD /* NetworkService.swift in Sources */ = {isa = PBXBuildFile; fileRef = B11DBB4B2FF9BE270052CDBD /* NetworkService.swift */; };
		B11DBB4E2FF9BE7D0052CDBD /* NetworkError.swift in Sources */ = {isa = PBXBuildFile; fileRef = B11DBB4D2FF9BE7D0052CDBD /* NetworkError.swift */; };
		B11DBB4F2FF9BFED0052CDBD /* Endpoint.swift in Sources */ = {isa = PBXBuildFile; fileRef = B11DBB472FF9BDFE0052CDBD /* Endpoint.swift */; };
		B11DBB502FF9BFFF0052CDBD /* NetworkServiceProtocol.swift in Sources */ = {isa = PBXBuildFile; fileRef = B11DBB492FF9BE150052CDBD /* NetworkServiceProtocol.swift */; };
		B11DBB542FF9C1A10052CDBD /* Employees.swift in Sources */ = {isa = PBXBuildFile; fileRef = B11DBB532FF9C1910052CDBD /* Employees.swift */; };
		B11DBB5F2FF9C2930052CDBD /* CreateEmployeeRequest.swift in Sources */ = {isa = PBXBuildFile; fileRef = B11DBB5E2FF9C2900052CDBD /* CreateEmployeeRequest.swift */; };
		B11DBB612FF9C2AB0052CDBD /* RegisterAttendanceRequest.swift in Sources */ = {isa = PBXBuildFile; fileRef = B11DBB602FF9C2A90052CDBD /* RegisterAttendanceRequest.swift */; };
		B11DBB632FF9C2BF0052CDBD /* Attendance.swift in Sources */ = {isa = PBXBuildFile; fileRef = B11DBB622FF9C2BD0052CDBD /* Attendance.swift */; };
		B11DBB652FF9C2D10052CDBD /* AccessPoint.swift in Sources */ = {isa = PBXBuildFile; fileRef = B11DBB642FF9C2CF0052CDBD /* AccessPoint.swift */; };
		B11DBB672FF9C2E50052CDBD /* LoginRequest.swift in Sources */ = {isa = PBXBuildFile; fileRef = B11DBB662FF9C2E20052CDBD /* LoginRequest.swift */; };
		B11DBB6D2FF9C4790052CDBD /* EmployeeRepository.swift in Sources */ = {isa = PBXBuildFile; fileRef = B11DBB6C2FF9C4760052CDBD /* EmployeeRepository.swift */; };
		B11DBB6F2FF9C4A20052CDBD /* AccessPointRepository.swift in Sources */ = {isa = PBXBuildFile; fileRef = B11DBB6E2FF9C49F0052CDBD /* AccessPointRepository.swift */; };
		B11DBB712FF9C4B40052CDBD /* AuthRepository.swift in Sources */ = {isa = PBXBuildFile; fileRef = B11DBB702FF9C4B20052CDBD /* AuthRepository.swift */; };
		B11DBB732FF9C4CD0052CDBD /* AttendanceRepository.swift in Sources */ = {isa = PBXBuildFile; fileRef = B11DBB722FF9C4CB0052CDBD /* AttendanceRepository.swift */; };
		B11DBB762FF9CCDE0052CDBD /* LocationManager.swift in Sources */ = {isa = PBXBuildFile; fileRef = B11DBB752FF9CCDE0052CDBD /* LocationManager.swift */; };
		B11DBB7A2FF9CFDA0052CDBD /* AuthResponse.swift in Sources */ = {isa = PBXBuildFile; fileRef = B11DBB792FF9CFDA0052CDBD /* AuthResponse.swift */; };
		B11DBB7C2FF9D0480052CDBD /* AuthUser.swift in Sources */ = {isa = PBXBuildFile; fileRef = B11DBB7B2FF9D0480052CDBD /* AuthUser.swift */; };
		B1D71B9D2FFAB8F700249594 /* AdminLoginView.swift in Sources */ = {isa = PBXBuildFile; fileRef = B1D71B9C2FFAB8F700249594 /* AdminLoginView.swift */; };
		B1D71B9F2FFABFD600249594 /* AuthViewModel.swift in Sources */ = {isa = PBXBuildFile; fileRef = B1D71B9E2FFABFD000249594 /* AuthViewModel.swift */; };
		B1D71BA12FFAC5C900249594 /* AppConfiguration.swift in Sources */ = {isa = PBXBuildFile; fileRef = B1D71BA02FFAC5C900249594 /* AppConfiguration.swift */; };
		B1D71BA32FFAC5EC00249594 /* AppContainer.swift in Sources */ = {isa = PBXBuildFile; fileRef = B1D71BA22FFAC5EC00249594 /* AppContainer.swift */; };
		B1D71BA52FFAC63100249594 /* AuthRepositoryProtocol.swift in Sources */ = {isa = PBXBuildFile; fileRef = B1D71BA42FFAC63100249594 /* AuthRepositoryProtocol.swift */; };
		B1D71BA72FFAC85400249594 /* AuthEndpoint.swift in Sources */ = {isa = PBXBuildFile; fileRef = B1D71BA62FFAC85400249594 /* AuthEndpoint.swift */; };
/* End PBXBuildFile section */

/* Begin PBXFileReference section */
		845C89ED2FF96B4400D5BD5B /* ProntoCheck.app */ = {isa = PBXFileReference; explicitFileType = wrapper.application; includeInIndex = 0; path = ProntoCheck.app; sourceTree = BUILT_PRODUCTS_DIR; };
		845C89F02FF96B4400D5BD5B /* ProntoCheckApp.swift */ = {isa = PBXFileReference; lastKnownFileType = sourcecode.swift; path = ProntoCheckApp.swift; sourceTree = "<group>"; };
		845C89F22FF96B4400D5BD5B /* ContentView.swift */ = {isa = PBXFileReference; lastKnownFileType = sourcecode.swift; path = ContentView.swift; sourceTree = "<group>"; };
		845C89F42FF96B4A00D5BD5B /* Assets.xcassets */ = {isa = PBXFileReference; lastKnownFileType = folder.assetcatalog; path = Assets.xcassets; sourceTree = "<group>"; };
		845C89F72FF96B4A00D5BD5B /* Preview Assets.xcassets */ = {isa = PBXFileReference; lastKnownFileType = folder.assetcatalog; path = "Preview Assets.xcassets"; sourceTree = "<group>"; };
		845C89FE2FF96F6B00D5BD5B /* README.md */ = {isa = PBXFileReference; lastKnownFileType = net.daringfireball.markdown; path = README.md; sourceTree = "<group>"; };
		B11DBB452FF9BDDC0052CDBD /* HTTPMethod.swift */ = {isa = PBXFileReference; lastKnownFileType = sourcecode.swift; path = HTTPMethod.swift; sourceTree = "<group>"; };
		B11DBB472FF9BDFE0052CDBD /* Endpoint.swift */ = {isa = PBXFileReference; lastKnownFileType = sourcecode.swift; path = Endpoint.swift; sourceTree = "<group>"; };
		B11DBB492FF9BE150052CDBD /* NetworkServiceProtocol.swift */ = {isa = PBXFileReference; lastKnownFileType = sourcecode.swift; path = NetworkServiceProtocol.swift; sourceTree = "<group>"; };
		B11DBB4B2FF9BE270052CDBD /* NetworkService.swift */ = {isa = PBXFileReference; lastKnownFileType = sourcecode.swift; path = NetworkService.swift; sourceTree = "<group>"; };
		B11DBB4D2FF9BE7D0052CDBD /* NetworkError.swift */ = {isa = PBXFileReference; lastKnownFileType = sourcecode.swift; path = NetworkError.swift; sourceTree = "<group>"; };
		B11DBB532FF9C1910052CDBD /* Employees.swift */ = {isa = PBXFileReference; lastKnownFileType = sourcecode.swift; path = Employees.swift; sourceTree = "<group>"; };
		B11DBB5E2FF9C2900052CDBD /* CreateEmployeeRequest.swift */ = {isa = PBXFileReference; lastKnownFileType = sourcecode.swift; path = CreateEmployeeRequest.swift; sourceTree = "<group>"; };
		B11DBB602FF9C2A90052CDBD /* RegisterAttendanceRequest.swift */ = {isa = PBXFileReference; lastKnownFileType = sourcecode.swift; path = RegisterAttendanceRequest.swift; sourceTree = "<group>"; };
		B11DBB622FF9C2BD0052CDBD /* Attendance.swift */ = {isa = PBXFileReference; lastKnownFileType = sourcecode.swift; path = Attendance.swift; sourceTree = "<group>"; };
		B11DBB642FF9C2CF0052CDBD /* AccessPoint.swift */ = {isa = PBXFileReference; lastKnownFileType = sourcecode.swift; path = AccessPoint.swift; sourceTree = "<group>"; };
		B11DBB662FF9C2E20052CDBD /* LoginRequest.swift */ = {isa = PBXFileReference; lastKnownFileType = sourcecode.swift; path = LoginRequest.swift; sourceTree = "<group>"; };
		B11DBB6C2FF9C4760052CDBD /* EmployeeRepository.swift */ = {isa = PBXFileReference; lastKnownFileType = sourcecode.swift; path = EmployeeRepository.swift; sourceTree = "<group>"; };
		B11DBB6E2FF9C49F0052CDBD /* AccessPointRepository.swift */ = {isa = PBXFileReference; lastKnownFileType = sourcecode.swift; path = AccessPointRepository.swift; sourceTree = "<group>"; };
		B11DBB702FF9C4B20052CDBD /* AuthRepository.swift */ = {isa = PBXFileReference; lastKnownFileType = sourcecode.swift; path = AuthRepository.swift; sourceTree = "<group>"; };
		B11DBB722FF9C4CB0052CDBD /* AttendanceRepository.swift */ = {isa = PBXFileReference; lastKnownFileType = sourcecode.swift; path = AttendanceRepository.swift; sourceTree = "<group>"; };
		B11DBB752FF9CCDE0052CDBD /* LocationManager.swift */ = {isa = PBXFileReference; lastKnownFileType = sourcecode.swift; path = LocationManager.swift; sourceTree = "<group>"; };
		B11DBB792FF9CFDA0052CDBD /* AuthResponse.swift */ = {isa = PBXFileReference; lastKnownFileType = sourcecode.swift; path = AuthResponse.swift; sourceTree = "<group>"; };
		B11DBB7B2FF9D0480052CDBD /* AuthUser.swift */ = {isa = PBXFileReference; lastKnownFileType = sourcecode.swift; path = AuthUser.swift; sourceTree = "<group>"; };
		B1D71B9C2FFAB8F700249594 /* AdminLoginView.swift */ = {isa = PBXFileReference; lastKnownFileType = sourcecode.swift; path = AdminLoginView.swift; sourceTree = "<group>"; };
		B1D71B9E2FFABFD000249594 /* AuthViewModel.swift */ = {isa = PBXFileReference; lastKnownFileType = sourcecode.swift; path = AuthViewModel.swift; sourceTree = "<group>"; };
		B1D71BA02FFAC5C900249594 /* AppConfiguration.swift */ = {isa = PBXFileReference; lastKnownFileType = sourcecode.swift; path = AppConfiguration.swift; sourceTree = "<group>"; };
		B1D71BA22FFAC5EC00249594 /* AppContainer.swift */ = {isa = PBXFileReference; lastKnownFileType = sourcecode.swift; path = AppContainer.swift; sourceTree = "<group>"; };
		B1D71BA42FFAC63100249594 /* AuthRepositoryProtocol.swift */ = {isa = PBXFileReference; lastKnownFileType = sourcecode.swift; path = AuthRepositoryProtocol.swift; sourceTree = "<group>"; };
		B1D71BA62FFAC85400249594 /* AuthEndpoint.swift */ = {isa = PBXFileReference; lastKnownFileType = sourcecode.swift; path = AuthEndpoint.swift; sourceTree = "<group>"; };
/* End PBXFileReference section */

/* Begin PBXFrameworksBuildPhase section */
		845C89EA2FF96B4400D5BD5B /* Frameworks */ = {
			isa = PBXFrameworksBuildPhase;
			buildActionMask = 2147483647;
			files = (
			);
			runOnlyForDeploymentPostprocessing = 0;
		};
/* End PBXFrameworksBuildPhase section */

/* Begin PBXGroup section */
		845C89E42FF96B4400D5BD5B = {
			isa = PBXGroup;
			children = (
				845C89FE2FF96F6B00D5BD5B /* README.md */,
				845C89EF2FF96B4400D5BD5B /* ProntoCheck */,
				845C89EE2FF96B4400D5BD5B /* Products */,
			);
			sourceTree = "<group>";
		};
		845C89EE2FF96B4400D5BD5B /* Products */ = {
			isa = PBXGroup;
			children = (
				845C89ED2FF96B4400D5BD5B /* ProntoCheck.app */,
			);
			name = Products;
			sourceTree = "<group>";
		};
		845C89EF2FF96B4400D5BD5B /* ProntoCheck */ = {
			isa = PBXGroup;
			children = (
				B1D71BA22FFAC5EC00249594 /* AppContainer.swift */,
				B1D71BA02FFAC5C900249594 /* AppConfiguration.swift */,
				B11DBB512FF9C1740052CDBD /* Features */,
				B11DBB442FF9BDC10052CDBD /* Core */,
				845C89F02FF96B4400D5BD5B /* ProntoCheckApp.swift */,
				845C89F22FF96B4400D5BD5B /* ContentView.swift */,
				845C89F42FF96B4A00D5BD5B /* Assets.xcassets */,
				845C89F62FF96B4A00D5BD5B /* Preview Content */,
			);
			path = ProntoCheck;
			sourceTree = "<group>";
		};
		845C89F62FF96B4A00D5BD5B /* Preview Content */ = {
			isa = PBXGroup;
			children = (
				845C89F72FF96B4A00D5BD5B /* Preview Assets.xcassets */,
			);
			path = "Preview Content";
			sourceTree = "<group>";
		};
		B11DBB432FF9BDC10052CDBD /* Network */ = {
			isa = PBXGroup;
			children = (
				B11DBB4D2FF9BE7D0052CDBD /* NetworkError.swift */,
				B11DBB4B2FF9BE270052CDBD /* NetworkService.swift */,
				B11DBB492FF9BE150052CDBD /* NetworkServiceProtocol.swift */,
				B11DBB472FF9BDFE0052CDBD /* Endpoint.swift */,
				B11DBB452FF9BDDC0052CDBD /* HTTPMethod.swift */,
			);
			path = Network;
			sourceTree = "<group>";
		};
		B11DBB442FF9BDC10052CDBD /* Core */ = {
			isa = PBXGroup;
			children = (
				B11DBB742FF9CCD70052CDBD /* Location */,
				B11DBB432FF9BDC10052CDBD /* Network */,
			);
			path = Core;
			sourceTree = "<group>";
		};
		B11DBB512FF9C1740052CDBD /* Features */ = {
			isa = PBXGroup;
			children = (
				B11DBB5C2FF9C2470052CDBD /* Auth */,
				B11DBB5A2FF9C22D0052CDBD /* AccessPoints */,
				B11DBB572FF9C1F70052CDBD /* Attendance */,
				B11DBB522FF9C1830052CDBD /* Employees */,
			);
			path = Features;
			sourceTree = "<group>";
		};
		B11DBB522FF9C1830052CDBD /* Employees */ = {
			isa = PBXGroup;
			children = (
				B11DBB6B2FF9C4600052CDBD /* Repository */,
				B11DBB562FF9C1CF0052CDBD /* DTOs */,
				B11DBB552FF9C1C40052CDBD /* Models */,
			);
			path = Employees;
			sourceTree = "<group>";
		};
		B11DBB552FF9C1C40052CDBD /* Models */ = {
			isa = PBXGroup;
			children = (
				B11DBB532FF9C1910052CDBD /* Employees.swift */,
			);
			path = Models;
			sourceTree = "<group>";
		};
		B11DBB562FF9C1CF0052CDBD /* DTOs */ = {
			isa = PBXGroup;
			children = (
				B11DBB5E2FF9C2900052CDBD /* CreateEmployeeRequest.swift */,
			);
			path = DTOs;
			sourceTree = "<group>";
		};
		B11DBB572FF9C1F70052CDBD /* Attendance */ = {
			isa = PBXGroup;
			children = (
				B11DBB6A2FF9C4590052CDBD /* Repository */,
				B11DBB592FF9C20D0052CDBD /* DTOs */,
				B11DBB582FF9C2050052CDBD /* Models */,
			);
			path = Attendance;
			sourceTree = "<group>";
		};
		B11DBB582FF9C2050052CDBD /* Models */ = {
			isa = PBXGroup;
			children = (
				B11DBB622FF9C2BD0052CDBD /* Attendance.swift */,
			);
			path = Models;
			sourceTree = "<group>";
		};
		B11DBB592FF9C20D0052CDBD /* DTOs */ = {
			isa = PBXGroup;
			children = (
				B11DBB602FF9C2A90052CDBD /* RegisterAttendanceRequest.swift */,
			);
			path = DTOs;
			sourceTree = "<group>";
		};
		B11DBB5A2FF9C22D0052CDBD /* AccessPoints */ = {
			isa = PBXGroup;
			children = (
				B11DBB692FF9C4500052CDBD /* Repository */,
				B11DBB5B2FF9C23F0052CDBD /* Models */,
			);
			path = AccessPoints;
			sourceTree = "<group>";
		};
		B11DBB5B2FF9C23F0052CDBD /* Models */ = {
			isa = PBXGroup;
			children = (
				B11DBB642FF9C2CF0052CDBD /* AccessPoint.swift */,
			);
			path = Models;
			sourceTree = "<group>";
		};
		B11DBB5C2FF9C2470052CDBD /* Auth */ = {
			isa = PBXGroup;
			children = (
				B1D71BA62FFAC85400249594 /* AuthEndpoint.swift */,
				B1D71B9B2FFAB85800249594 /* Services */,
				B1D71B9A2FFAB83B00249594 /* Views */,
				B1D71B992FFAB82800249594 /* ViewModels */,
				B11DBB682FF9C4410052CDBD /* Repository */,
				B11DBB5D2FF9C24D0052CDBD /* DTOs */,
			);
			path = Auth;
			sourceTree = "<group>";
		};
		B11DBB5D2FF9C24D0052CDBD /* DTOs */ = {
			isa = PBXGroup;
			children = (
				B11DBB7B2FF9D0480052CDBD /* AuthUser.swift */,
				B11DBB792FF9CFDA0052CDBD /* AuthResponse.swift */,
				B11DBB662FF9C2E20052CDBD /* LoginRequest.swift */,
			);
			path = DTOs;
			sourceTree = "<group>";
		};
		B11DBB682FF9C4410052CDBD /* Repository */ = {
			isa = PBXGroup;
			children = (
				B1D71BA42FFAC63100249594 /* AuthRepositoryProtocol.swift */,
				B11DBB702FF9C4B20052CDBD /* AuthRepository.swift */,
			);
			path = Repository;
			sourceTree = "<group>";
		};
		B11DBB692FF9C4500052CDBD /* Repository */ = {
			isa = PBXGroup;
			children = (
				B11DBB6E2FF9C49F0052CDBD /* AccessPointRepository.swift */,
			);
			path = Repository;
			sourceTree = "<group>";
		};
		B11DBB6A2FF9C4590052CDBD /* Repository */ = {
			isa = PBXGroup;
			children = (
				B11DBB722FF9C4CB0052CDBD /* AttendanceRepository.swift */,
			);
			path = Repository;
			sourceTree = "<group>";
		};
		B11DBB6B2FF9C4600052CDBD /* Repository */ = {
			isa = PBXGroup;
			children = (
				B11DBB6C2FF9C4760052CDBD /* EmployeeRepository.swift */,
			);
			path = Repository;
			sourceTree = "<group>";
		};
		B11DBB742FF9CCD70052CDBD /* Location */ = {
			isa = PBXGroup;
			children = (
				B11DBB752FF9CCDE0052CDBD /* LocationManager.swift */,
			);
			path = Location;
			sourceTree = "<group>";
		};
		B1D71B992FFAB82800249594 /* ViewModels */ = {
			isa = PBXGroup;
			children = (
				B1D71B9E2FFABFD000249594 /* AuthViewModel.swift */,
			);
			path = ViewModels;
			sourceTree = "<group>";
		};
		B1D71B9A2FFAB83B00249594 /* Views */ = {
			isa = PBXGroup;
			children = (
				B1D71B9C2FFAB8F700249594 /* AdminLoginView.swift */,
			);
			path = Views;
			sourceTree = "<group>";
		};
		B1D71B9B2FFAB85800249594 /* Services */ = {
			isa = PBXGroup;
			children = (
			);
			path = Services;
			sourceTree = "<group>";
		};
/* End PBXGroup section */

/* Begin PBXNativeTarget section */
		845C89EC2FF96B4400D5BD5B /* ProntoCheck */ = {
			isa = PBXNativeTarget;
			buildConfigurationList = 845C89FB2FF96B4A00D5BD5B /* Build configuration list for PBXNativeTarget "ProntoCheck" */;
			buildPhases = (
				845C89E92FF96B4400D5BD5B /* Sources */,
				845C89EA2FF96B4400D5BD5B /* Frameworks */,
				845C89EB2FF96B4400D5BD5B /* Resources */,
			);
			buildRules = (
			);
			dependencies = (
			);
			name = ProntoCheck;
			productName = ProntoCheck;
			productReference = 845C89ED2FF96B4400D5BD5B /* ProntoCheck.app */;
			productType = "com.apple.product-type.application";
		};
/* End PBXNativeTarget section */

/* Begin PBXProject section */
		845C89E52FF96B4400D5BD5B /* Project object */ = {
			isa = PBXProject;
			attributes = {
				BuildIndependentTargetsInParallel = 1;
				LastSwiftUpdateCheck = 1500;
				LastUpgradeCheck = 1500;
				TargetAttributes = {
					845C89EC2FF96B4400D5BD5B = {
						CreatedOnToolsVersion = 15.0;
					};
				};
			};
			buildConfigurationList = 845C89E82FF96B4400D5BD5B /* Build configuration list for PBXProject "ProntoCheck" */;
			compatibilityVersion = "Xcode 14.0";
			developmentRegion = en;
			hasScannedForEncodings = 0;
			knownRegions = (
				en,
				Base,
			);
			mainGroup = 845C89E42FF96B4400D5BD5B;
			productRefGroup = 845C89EE2FF96B4400D5BD5B /* Products */;
			projectDirPath = "";
			projectRoot = "";
			targets = (
				845C89EC2FF96B4400D5BD5B /* ProntoCheck */,
			);
		};
/* End PBXProject section */

/* Begin PBXResourcesBuildPhase section */
		845C89EB2FF96B4400D5BD5B /* Resources */ = {
			isa = PBXResourcesBuildPhase;
			buildActionMask = 2147483647;
			files = (
				845C89F82FF96B4A00D5BD5B /* Preview Assets.xcassets in Resources */,
				845C89F52FF96B4A00D5BD5B /* Assets.xcassets in Resources */,
			);
			runOnlyForDeploymentPostprocessing = 0;
		};
/* End PBXResourcesBuildPhase section */

/* Begin PBXSourcesBuildPhase section */
		845C89E92FF96B4400D5BD5B /* Sources */ = {
			isa = PBXSourcesBuildPhase;
			buildActionMask = 2147483647;
			files = (
				B11DBB6F2FF9C4A20052CDBD /* AccessPointRepository.swift in Sources */,
				B11DBB712FF9C4B40052CDBD /* AuthRepository.swift in Sources */,
				B1D71BA52FFAC63100249594 /* AuthRepositoryProtocol.swift in Sources */,
				B11DBB632FF9C2BF0052CDBD /* Attendance.swift in Sources */,
				B1D71BA72FFAC85400249594 /* AuthEndpoint.swift in Sources */,
				B11DBB672FF9C2E50052CDBD /* LoginRequest.swift in Sources */,
				B11DBB4F2FF9BFED0052CDBD /* Endpoint.swift in Sources */,
				B11DBB4C2FF9BE370052CDBD /* NetworkService.swift in Sources */,
				B11DBB5F2FF9C2930052CDBD /* CreateEmployeeRequest.swift in Sources */,
				B11DBB652FF9C2D10052CDBD /* AccessPoint.swift in Sources */,
				B11DBB762FF9CCDE0052CDBD /* LocationManager.swift in Sources */,
				845C89F32FF96B4400D5BD5B /* ContentView.swift in Sources */,
				B11DBB7A2FF9CFDA0052CDBD /* AuthResponse.swift in Sources */,
				B11DBB502FF9BFFF0052CDBD /* NetworkServiceProtocol.swift in Sources */,
				B1D71B9D2FFAB8F700249594 /* AdminLoginView.swift in Sources */,
				B11DBB4E2FF9BE7D0052CDBD /* NetworkError.swift in Sources */,
				B11DBB6D2FF9C4790052CDBD /* EmployeeRepository.swift in Sources */,
				B1D71BA12FFAC5C900249594 /* AppConfiguration.swift in Sources */,
				B11DBB542FF9C1A10052CDBD /* Employees.swift in Sources */,
				B1D71BA32FFAC5EC00249594 /* AppContainer.swift in Sources */,
				B11DBB612FF9C2AB0052CDBD /* RegisterAttendanceRequest.swift in Sources */,
				845C89F12FF96B4400D5BD5B /* ProntoCheckApp.swift in Sources */,
				B1D71B9F2FFABFD600249594 /* AuthViewModel.swift in Sources */,
				B11DBB732FF9C4CD0052CDBD /* AttendanceRepository.swift in Sources */,
				B11DBB7C2FF9D0480052CDBD /* AuthUser.swift in Sources */,
				B11DBB462FF9BDE20052CDBD /* HTTPMethod.swift in Sources */,
			);
			runOnlyForDeploymentPostprocessing = 0;
		};
/* End PBXSourcesBuildPhase section */

/* Begin XCBuildConfiguration section */
		845C89F92FF96B4A00D5BD5B /* Debug */ = {
			isa = XCBuildConfiguration;
			buildSettings = {
				ALWAYS_SEARCH_USER_PATHS = NO;
				ASSETCATALOG_COMPILER_GENERATE_SWIFT_ASSET_SYMBOL_EXTENSIONS = YES;
				CLANG_ANALYZER_NONNULL = YES;
				CLANG_ANALYZER_NUMBER_OBJECT_CONVERSION = YES_AGGRESSIVE;
				CLANG_CXX_LANGUAGE_STANDARD = "gnu++20";
				CLANG_ENABLE_MODULES = YES;
				CLANG_ENABLE_OBJC_ARC = YES;
				CLANG_ENABLE_OBJC_WEAK = YES;
				CLANG_WARN_BLOCK_CAPTURE_AUTORELEASING = YES;
				CLANG_WARN_BOOL_CONVERSION = YES;
				CLANG_WARN_COMMA = YES;
				CLANG_WARN_CONSTANT_CONVERSION = YES;
				CLANG_WARN_DEPRECATED_OBJC_IMPLEMENTATIONS = YES;
				CLANG_WARN_DIRECT_OBJC_ISA_USAGE = YES_ERROR;
				CLANG_WARN_DOCUMENTATION_COMMENTS = YES;
				CLANG_WARN_EMPTY_BODY = YES;
				CLANG_WARN_ENUM_CONVERSION = YES;
				CLANG_WARN_INFINITE_RECURSION = YES;
				CLANG_WARN_INT_CONVERSION = YES;
				CLANG_WARN_NON_LITERAL_NULL_CONVERSION = YES;
				CLANG_WARN_OBJC_IMPLICIT_RETAIN_SELF = YES;
				CLANG_WARN_OBJC_LITERAL_CONVERSION = YES;
				CLANG_WARN_OBJC_ROOT_CLASS = YES_ERROR;
				CLANG_WARN_QUOTED_INCLUDE_IN_FRAMEWORK_HEADER = YES;
				CLANG_WARN_RANGE_LOOP_ANALYSIS = YES;
				CLANG_WARN_STRICT_PROTOTYPES = YES;
				CLANG_WARN_SUSPICIOUS_MOVE = YES;
				CLANG_WARN_UNGUARDED_AVAILABILITY = YES_AGGRESSIVE;
				CLANG_WARN_UNREACHABLE_CODE = YES;
				CLANG_WARN__DUPLICATE_METHOD_MATCH = YES;
				COPY_PHASE_STRIP = NO;
				DEBUG_INFORMATION_FORMAT = dwarf;
				ENABLE_STRICT_OBJC_MSGSEND = YES;
				ENABLE_TESTABILITY = YES;
				ENABLE_USER_SCRIPT_SANDBOXING = YES;
				GCC_C_LANGUAGE_STANDARD = gnu17;
				GCC_DYNAMIC_NO_PIC = NO;
				GCC_NO_COMMON_BLOCKS = YES;
				GCC_OPTIMIZATION_LEVEL = 0;
				GCC_PREPROCESSOR_DEFINITIONS = (
					"DEBUG=1",
					"$(inherited)",
				);
				GCC_WARN_64_TO_32_BIT_CONVERSION = YES;
				GCC_WARN_ABOUT_RETURN_TYPE = YES_ERROR;
				GCC_WARN_UNDECLARED_SELECTOR = YES;
				GCC_WARN_UNINITIALIZED_AUTOS = YES_AGGRESSIVE;
				GCC_WARN_UNUSED_FUNCTION = YES;
				GCC_WARN_UNUSED_VARIABLE = YES;
				IPHONEOS_DEPLOYMENT_TARGET = 17.0;
				LOCALIZATION_PREFERS_STRING_CATALOGS = YES;
				MTL_ENABLE_DEBUG_INFO = INCLUDE_SOURCE;
				MTL_FAST_MATH = YES;
				ONLY_ACTIVE_ARCH = YES;
				SDKROOT = iphoneos;
				SWIFT_ACTIVE_COMPILATION_CONDITIONS = "DEBUG $(inherited)";
				SWIFT_OPTIMIZATION_LEVEL = "-Onone";
			};
			name = Debug;
		};
		845C89FA2FF96B4A00D5BD5B /* Release */ = {
			isa = XCBuildConfiguration;
			buildSettings = {
				ALWAYS_SEARCH_USER_PATHS = NO;
				ASSETCATALOG_COMPILER_GENERATE_SWIFT_ASSET_SYMBOL_EXTENSIONS = YES;
				CLANG_ANALYZER_NONNULL = YES;
				CLANG_ANALYZER_NUMBER_OBJECT_CONVERSION = YES_AGGRESSIVE;
				CLANG_CXX_LANGUAGE_STANDARD = "gnu++20";
				CLANG_ENABLE_MODULES = YES;
				CLANG_ENABLE_OBJC_ARC = YES;
				CLANG_ENABLE_OBJC_WEAK = YES;
				CLANG_WARN_BLOCK_CAPTURE_AUTORELEASING = YES;
				CLANG_WARN_BOOL_CONVERSION = YES;
				CLANG_WARN_COMMA = YES;
				CLANG_WARN_CONSTANT_CONVERSION = YES;
				CLANG_WARN_DEPRECATED_OBJC_IMPLEMENTATIONS = YES;
				CLANG_WARN_DIRECT_OBJC_ISA_USAGE = YES_ERROR;
				CLANG_WARN_DOCUMENTATION_COMMENTS = YES;
				CLANG_WARN_EMPTY_BODY = YES;
				CLANG_WARN_ENUM_CONVERSION = YES;
				CLANG_WARN_INFINITE_RECURSION = YES;
				CLANG_WARN_INT_CONVERSION = YES;
				CLANG_WARN_NON_LITERAL_NULL_CONVERSION = YES;
				CLANG_WARN_OBJC_IMPLICIT_RETAIN_SELF = YES;
				CLANG_WARN_OBJC_LITERAL_CONVERSION = YES;
				CLANG_WARN_OBJC_ROOT_CLASS = YES_ERROR;
				CLANG_WARN_QUOTED_INCLUDE_IN_FRAMEWORK_HEADER = YES;
				CLANG_WARN_RANGE_LOOP_ANALYSIS = YES;
				CLANG_WARN_STRICT_PROTOTYPES = YES;
				CLANG_WARN_SUSPICIOUS_MOVE = YES;
				CLANG_WARN_UNGUARDED_AVAILABILITY = YES_AGGRESSIVE;
				CLANG_WARN_UNREACHABLE_CODE = YES;
				CLANG_WARN__DUPLICATE_METHOD_MATCH = YES;
				COPY_PHASE_STRIP = NO;
				DEBUG_INFORMATION_FORMAT = "dwarf-with-dsym";
				ENABLE_NS_ASSERTIONS = NO;
				ENABLE_STRICT_OBJC_MSGSEND = YES;
				ENABLE_USER_SCRIPT_SANDBOXING = YES;
				GCC_C_LANGUAGE_STANDARD = gnu17;
				GCC_NO_COMMON_BLOCKS = YES;
				GCC_WARN_64_TO_32_BIT_CONVERSION = YES;
				GCC_WARN_ABOUT_RETURN_TYPE = YES_ERROR;
				GCC_WARN_UNDECLARED_SELECTOR = YES;
				GCC_WARN_UNINITIALIZED_AUTOS = YES_AGGRESSIVE;
				GCC_WARN_UNUSED_FUNCTION = YES;
				GCC_WARN_UNUSED_VARIABLE = YES;
				IPHONEOS_DEPLOYMENT_TARGET = 17.0;
				LOCALIZATION_PREFERS_STRING_CATALOGS = YES;
				MTL_ENABLE_DEBUG_INFO = NO;
				MTL_FAST_MATH = YES;
				SDKROOT = iphoneos;
				SWIFT_COMPILATION_MODE = wholemodule;
				VALIDATE_PRODUCT = YES;
			};
			name = Release;
		};
		845C89FC2FF96B4A00D5BD5B /* Debug */ = {
			isa = XCBuildConfiguration;
			buildSettings = {
				ASSETCATALOG_COMPILER_APPICON_NAME = AppIcon;
				ASSETCATALOG_COMPILER_GLOBAL_ACCENT_COLOR_NAME = AccentColor;
				CODE_SIGN_STYLE = Automatic;
				CURRENT_PROJECT_VERSION = 1;
				DEVELOPMENT_ASSET_PATHS = "\"ProntoCheck/Preview Content\"";
				DEVELOPMENT_TEAM = 63KDPU835H;
				ENABLE_PREVIEWS = YES;
				GENERATE_INFOPLIST_FILE = YES;
				INFOPLIST_KEY_UIApplicationSceneManifest_Generation = YES;
				INFOPLIST_KEY_UIApplicationSupportsIndirectInputEvents = YES;
				INFOPLIST_KEY_UILaunchScreen_Generation = YES;
				INFOPLIST_KEY_UISupportedInterfaceOrientations_iPad = "UIInterfaceOrientationPortrait UIInterfaceOrientationPortraitUpsideDown UIInterfaceOrientationLandscapeLeft UIInterfaceOrientationLandscapeRight";
				INFOPLIST_KEY_UISupportedInterfaceOrientations_iPhone = "UIInterfaceOrientationPortrait UIInterfaceOrientationLandscapeLeft UIInterfaceOrientationLandscapeRight";
				LD_RUNPATH_SEARCH_PATHS = (
					"$(inherited)",
					"@executable_path/Frameworks",
				);
				MARKETING_VERSION = 1.0;
				PRODUCT_BUNDLE_IDENTIFIER = com.ProntoCheck;
				PRODUCT_NAME = "$(TARGET_NAME)";
				SWIFT_EMIT_LOC_STRINGS = YES;
				SWIFT_VERSION = 5.0;
				TARGETED_DEVICE_FAMILY = "1,2";
			};
			name = Debug;
		};
		845C89FD2FF96B4A00D5BD5B /* Release */ = {
			isa = XCBuildConfiguration;
			buildSettings = {
				ASSETCATALOG_COMPILER_APPICON_NAME = AppIcon;
				ASSETCATALOG_COMPILER_GLOBAL_ACCENT_COLOR_NAME = AccentColor;
				CODE_SIGN_STYLE = Automatic;
				CURRENT_PROJECT_VERSION = 1;
				DEVELOPMENT_ASSET_PATHS = "\"ProntoCheck/Preview Content\"";
				DEVELOPMENT_TEAM = 63KDPU835H;
				ENABLE_PREVIEWS = YES;
				GENERATE_INFOPLIST_FILE = YES;
				INFOPLIST_KEY_UIApplicationSceneManifest_Generation = YES;
				INFOPLIST_KEY_UIApplicationSupportsIndirectInputEvents = YES;
				INFOPLIST_KEY_UILaunchScreen_Generation = YES;
				INFOPLIST_KEY_UISupportedInterfaceOrientations_iPad = "UIInterfaceOrientationPortrait UIInterfaceOrientationPortraitUpsideDown UIInterfaceOrientationLandscapeLeft UIInterfaceOrientationLandscapeRight";
				INFOPLIST_KEY_UISupportedInterfaceOrientations_iPhone = "UIInterfaceOrientationPortrait UIInterfaceOrientationLandscapeLeft UIInterfaceOrientationLandscapeRight";
				LD_RUNPATH_SEARCH_PATHS = (
					"$(inherited)",
					"@executable_path/Frameworks",
				);
				MARKETING_VERSION = 1.0;
				PRODUCT_BUNDLE_IDENTIFIER = com.ProntoCheck;
				PRODUCT_NAME = "$(TARGET_NAME)";
				SWIFT_EMIT_LOC_STRINGS = YES;
				SWIFT_VERSION = 5.0;
				TARGETED_DEVICE_FAMILY = "1,2";
			};
			name = Release;
		};
/* End XCBuildConfiguration section */

/* Begin XCConfigurationList section */
		845C89E82FF96B4400D5BD5B /* Build configuration list for PBXProject "ProntoCheck" */ = {
			isa = XCConfigurationList;
			buildConfigurations = (
				845C89F92FF96B4A00D5BD5B /* Debug */,
				845C89FA2FF96B4A00D5BD5B /* Release */,
			);
			defaultConfigurationIsVisible = 0;
			defaultConfigurationName = Release;
		};
		845C89FB2FF96B4A00D5BD5B /* Build configuration list for PBXNativeTarget "ProntoCheck" */ = {
			isa = XCConfigurationList;
			buildConfigurations = (
				845C89FC2FF96B4A00D5BD5B /* Debug */,
				845C89FD2FF96B4A00D5BD5B /* Release */,
			);
			defaultConfigurationIsVisible = 0;
			defaultConfigurationName = Release;
		};
/* End XCConfigurationList section */
	};
	rootObject = 845C89E52FF96B4400D5BD5B /* Project object */;
}
